
Microsoft Visual Studio Solution File, Format Version 12.00
# Visual Studio Version 16
VisualStudioVersion = 16.0.30804.86
MinimumVisualStudioVersion = 10.0.40219.1
Project("{FAE04EC0-301F-11D3-BF4B-00C04F79EFBC}") = "BasicCalc", "..\BasicCalc\BasicCalc\BasicCalc.csproj", "{60685A9E-5DC3-4048-8EC6-162DFC3001D4}"
EndProject
Global
	GlobalSection(SolutionConfigurationPlatforms) = preSolution
		Debug|Any CPU = Debug|Any CPU
		Release|Any CPU = Release|Any CPU
	EndGlobalSection
	GlobalSection(ProjectConfigurationPlatforms) = postSolution
		{60685A9E-5DC3-4048-8EC6-162DFC3001D4}.Debug|Any CPU.ActiveCfg = Debug|Any CPU
		{60685A9E-5DC3-4048-8EC6-162DFC3001D4}.Debug|Any CPU.Build.0 = Debug|Any CPU
		{60685A9E-5DC3-4048-8EC6-162DFC3001D4}.Release|Any CPU.ActiveCfg = Release|Any CPU
		{60685A9E-5DC3-4048-8EC6-162DFC3001D4}.Release|Any CPU.Build.0 = Release|Any CPU
	EndGlobalSection
	GlobalSection(SolutionProperties) = preSolution
		HideSolutionNode = FALSE
	EndGlobalSection
	GlobalSection(ExtensibilityGlobals) = postSolution
		SolutionGuid = {F4FD38EF-CF75-45A8-BC96-2A8430B34EBA}
	EndGlobalSection
EndGlobal
